
Microsoft Visual Studio Solution File, Format Version 12.00
# Visual Studio Version 16
VisualStudioVersion = 16.0.33214.272
MinimumVisualStudioVersion = 10.0.40219.1
Project("{FAE04EC0-301F-11D3-BF4B-00C04F79EFBC}") = "Iteration2", "Iteration2\Iteration2.csproj", "{6178B840-2302-4D91-8E01-B62838C5683C}"
EndProject
Global
	GlobalSection(SolutionConfigurationPlatforms) = preSolution
		Debug|Any CPU = Debug|Any CPU
		Release|Any CPU = Release|Any CPU
	EndGlobalSection
	GlobalSection(ProjectConfigurationPlatforms) = postSolution
		{6178B840-2302-4D91-8E01-B62838C5683C}.Debug|Any CPU.ActiveCfg = Debug|Any CPU
		{6178B840-2302-4D91-8E01-B62838C5683C}.Debug|Any CPU.Build.0 = Debug|Any CPU
		{6178B840-2302-4D91-8E01-B62838C5683C}.Release|Any CPU.ActiveCfg = Release|Any CPU
		{6178B840-2302-4D91-8E01-B62838C5683C}.Release|Any CPU.Build.0 = Release|Any CPU
	EndGlobalSection
	GlobalSection(SolutionProperties) = preSolution
		HideSolutionNode = FALSE
	EndGlobalSection
	GlobalSection(ExtensibilityGlobals) = postSolution
		SolutionGuid = {00874845-7AC8-44E8-BCE8-F0C6435724FF}
	EndGlobalSection
EndGlobal
